
Microsoft Visual Studio Solution File, Format Version 12.00
# Visual Studio Version 17
VisualStudioVersion = 17.14.36616.10 d17.14
MinimumVisualStudioVersion = 10.0.40219.1
Project("{FAE04EC0-301F-11D3-BF4B-00C04F79EFBC}") = "PatreonWebScraper", "PatreonWebScraper.csproj", "{51D8F9AD-9DA5-4C36-B852-8D357AB2ACB0}"
EndProject
Global
	GlobalSection(SolutionConfigurationPlatforms) = preSolution
		Debug|Any CPU = Debug|Any CPU
		Release|Any CPU = Release|Any CPU
	EndGlobalSection
	GlobalSection(ProjectConfigurationPlatforms) = postSolution
		{51D8F9AD-9DA5-4C36-B852-8D357AB2ACB0}.Debug|Any CPU.ActiveCfg = Debug|Any CPU
		{51D8F9AD-9DA5-4C36-B852-8D357AB2ACB0}.Debug|Any CPU.Build.0 = Debug|Any CPU
		{51D8F9AD-9DA5-4C36-B852-8D357AB2ACB0}.Release|Any CPU.ActiveCfg = Release|Any CPU
		{51D8F9AD-9DA5-4C36-B852-8D357AB2ACB0}.Release|Any CPU.Build.0 = Release|Any CPU
	EndGlobalSection
	GlobalSection(SolutionProperties) = preSolution
		HideSolutionNode = FALSE
	EndGlobalSection
	GlobalSection(ExtensibilityGlobals) = postSolution
		SolutionGuid = {7C6DF791-76B8-40EC-A6AB-7FB25C091E25}
	EndGlobalSection
EndGlobal
